
Microsoft Visual Studio Solution File, Format Version 12.00
# Visual Studio Version 17
VisualStudioVersion = 17.0.31903.59
MinimumVisualStudioVersion = 10.0.40219.1
Project("{FAE04EC0-301F-11D3-BF4B-00C04F79EFBC}") = "ASP.NET-Digix", "ASP.NET-Digix\ASP.NET-Digix.csproj", "{BE432F07-26BB-4440-BB5F-F234BEFBA570}"
EndProject
Project("{FAE04EC0-301F-11D3-BF4B-00C04F79EFBC}") = "Aula_1", "Aula_1\Aula_1.csproj", "{D98860E6-19B4-473B-A54A-F2C99AD69A33}"
EndProject
Project("{FAE04EC0-301F-11D3-BF4B-00C04F79EFBC}") = "Aula_2", "Aula_2\Aula_2.csproj", "{6FAC18EF-D867-4379-B4B2-66C94F2E3401}"
EndProject
Project("{2150E333-8FDC-42A3-9474-1A3956D46DE8}") = "Aula_2", "Aula_2", "{61656FDE-FFA5-46E9-9211-D7C250AB4349}"
EndProject
Project("{FAE04EC0-301F-11D3-BF4B-00C04F79EFBC}") = "EndPoint", "Aula_2\EndPoint\EndPoint.csproj", "{9FAFA905-8135-4048-94D9-FC0CA005CF04}"
EndProject
Project("{FAE04EC0-301F-11D3-BF4B-00C04F79EFBC}") = "Entity", "Aula_2\Entity\Entity.csproj", "{DA28BA38-4457-493C-96FD-8CFCCA646305}"
EndProject
Global
	GlobalSection(SolutionConfigurationPlatforms) = preSolution
		Debug|Any CPU = Debug|Any CPU
		Release|Any CPU = Release|Any CPU
	EndGlobalSection
	GlobalSection(SolutionProperties) = preSolution
		HideSolutionNode = FALSE
	EndGlobalSection
	GlobalSection(ProjectConfigurationPlatforms) = postSolution
		{BE432F07-26BB-4440-BB5F-F234BEFBA570}.Debug|Any CPU.ActiveCfg = Debug|Any CPU
		{BE432F07-26BB-4440-BB5F-F234BEFBA570}.Debug|Any CPU.Build.0 = Debug|Any CPU
		{BE432F07-26BB-4440-BB5F-F234BEFBA570}.Release|Any CPU.ActiveCfg = Release|Any CPU
		{BE432F07-26BB-4440-BB5F-F234BEFBA570}.Release|Any CPU.Build.0 = Release|Any CPU
		{D98860E6-19B4-473B-A54A-F2C99AD69A33}.Debug|Any CPU.ActiveCfg = Debug|Any CPU
		{D98860E6-19B4-473B-A54A-F2C99AD69A33}.Debug|Any CPU.Build.0 = Debug|Any CPU
		{D98860E6-19B4-473B-A54A-F2C99AD69A33}.Release|Any CPU.ActiveCfg = Release|Any CPU
		{D98860E6-19B4-473B-A54A-F2C99AD69A33}.Release|Any CPU.Build.0 = Release|Any CPU
		{6FAC18EF-D867-4379-B4B2-66C94F2E3401}.Debug|Any CPU.ActiveCfg = Debug|Any CPU
		{6FAC18EF-D867-4379-B4B2-66C94F2E3401}.Debug|Any CPU.Build.0 = Debug|Any CPU
		{6FAC18EF-D867-4379-B4B2-66C94F2E3401}.Release|Any CPU.ActiveCfg = Release|Any CPU
		{6FAC18EF-D867-4379-B4B2-66C94F2E3401}.Release|Any CPU.Build.0 = Release|Any CPU
		{9FAFA905-8135-4048-94D9-FC0CA005CF04}.Debug|Any CPU.ActiveCfg = Debug|Any CPU
		{9FAFA905-8135-4048-94D9-FC0CA005CF04}.Debug|Any CPU.Build.0 = Debug|Any CPU
		{9FAFA905-8135-4048-94D9-FC0CA005CF04}.Release|Any CPU.ActiveCfg = Release|Any CPU
		{9FAFA905-8135-4048-94D9-FC0CA005CF04}.Release|Any CPU.Build.0 = Release|Any CPU
		{DA28BA38-4457-493C-96FD-8CFCCA646305}.Debug|Any CPU.ActiveCfg = Debug|Any CPU
		{DA28BA38-4457-493C-96FD-8CFCCA646305}.Debug|Any CPU.Build.0 = Debug|Any CPU
		{DA28BA38-4457-493C-96FD-8CFCCA646305}.Release|Any CPU.ActiveCfg = Release|Any CPU
		{DA28BA38-4457-493C-96FD-8CFCCA646305}.Release|Any CPU.Build.0 = Release|Any CPU
	EndGlobalSection
	GlobalSection(NestedProjects) = preSolution
		{6FAC18EF-D867-4379-B4B2-66C94F2E3401} = {61656FDE-FFA5-46E9-9211-D7C250AB4349}
		{9FAFA905-8135-4048-94D9-FC0CA005CF04} = {61656FDE-FFA5-46E9-9211-D7C250AB4349}
		{DA28BA38-4457-493C-96FD-8CFCCA646305} = {61656FDE-FFA5-46E9-9211-D7C250AB4349}
	EndGlobalSection
EndGlobal
