
Microsoft Visual Studio Solution File, Format Version 12.00
# Visual Studio Version 17
VisualStudioVersion = 17.0.31903.59
MinimumVisualStudioVersion = 10.0.40219.1
Project("{FAE04EC0-301F-11D3-BF4B-00C04F79EFBC}") = "ASP.NET-Digix", "ASP.NET-Digix\ASP.NET-Digix.csproj", "{BE432F07-26BB-4440-BB5F-F234BEFBA570}"
EndProject
Project("{FAE04EC0-301F-11D3-BF4B-00C04F79EFBC}") = "Aula_1", "Aula_1\Aula_1.csproj", "{D98860E6-19B4-473B-A54A-F2C99AD69A33}"
EndProject
Project("{FAE04EC0-301F-11D3-BF4B-00C04F79EFBC}") = "Aula_2", "Aula_2\Aula_2.csproj", "{6FAC18EF-D867-4379-B4B2-66C94F2E3401}"
EndProject
Project("{2150E333-8FDC-42A3-9474-1A3956D46DE8}") = "Aula_2", "Aula_2", "{61656FDE-FFA5-46E9-9211-D7C250AB4349}"
EndProject
Project("{FAE04EC0-301F-11D3-BF4B-00C04F79EFBC}") = "EndPoint", "Aula_2\EndPoint\EndPoint.csproj", "{9FAFA905-8135-4048-94D9-FC0CA005CF04}"
EndProject
Project("{FAE04EC0-301F-11D3-BF4B-00C04F79EFBC}") = "Entity", "Aula_2\Entity\Entity.csproj", "{DA28BA38-4457-493C-96FD-8CFCCA646305}"
EndProject
Project("{2150E333-8FDC-42A3-9474-1A3956D46DE8}") = "Aula_8", "Aula_8", "{1AC97795-5385-4237-A190-C6C9C1D354CA}"
EndProject
Project("{FAE04EC0-301F-11D3-BF4B-00C04F79EFBC}") = "WebApplication1", "Aula_8\WebApplication1\WebApplication1.csproj", "{FBF1C7A0-4520-463E-A6C9-06328BE8B48C}"
EndProject
Project("{FAE04EC0-301F-11D3-BF4B-00C04F79EFBC}") = "ASPNETCORE", "Aula_8\ASPNETCORE\ASPNETCORE.csproj", "{D34670DB-6687-4504-9155-4E9785660DE8}"
EndProject
Project("{2150E333-8FDC-42A3-9474-1A3956D46DE8}") = "Aula_9", "Aula_9", "{BA9D0A0B-2490-B3D1-78F8-8C9A02220B3D}"
EndProject
Project("{FAE04EC0-301F-11D3-BF4B-00C04F79EFBC}") = "Sistema_Escolar", "Aula_9\Sistema_Escolar\Sistema_Escolar.csproj", "{FDF3E1DD-F734-42A0-B1EB-FF562F600C50}"
EndProject
Global
	GlobalSection(SolutionConfigurationPlatforms) = preSolution
		Debug|Any CPU = Debug|Any CPU
		Debug|x64 = Debug|x64
		Debug|x86 = Debug|x86
		Release|Any CPU = Release|Any CPU
		Release|x64 = Release|x64
		Release|x86 = Release|x86
	EndGlobalSection
	GlobalSection(ProjectConfigurationPlatforms) = postSolution
		{BE432F07-26BB-4440-BB5F-F234BEFBA570}.Debug|Any CPU.ActiveCfg = Debug|Any CPU
		{BE432F07-26BB-4440-BB5F-F234BEFBA570}.Debug|Any CPU.Build.0 = Debug|Any CPU
		{BE432F07-26BB-4440-BB5F-F234BEFBA570}.Debug|x64.ActiveCfg = Debug|Any CPU
		{BE432F07-26BB-4440-BB5F-F234BEFBA570}.Debug|x64.Build.0 = Debug|Any CPU
		{BE432F07-26BB-4440-BB5F-F234BEFBA570}.Debug|x86.ActiveCfg = Debug|Any CPU
		{BE432F07-26BB-4440-BB5F-F234BEFBA570}.Debug|x86.Build.0 = Debug|Any CPU
		{BE432F07-26BB-4440-BB5F-F234BEFBA570}.Release|Any CPU.ActiveCfg = Release|Any CPU
		{BE432F07-26BB-4440-BB5F-F234BEFBA570}.Release|Any CPU.Build.0 = Release|Any CPU
		{BE432F07-26BB-4440-BB5F-F234BEFBA570}.Release|x64.ActiveCfg = Release|Any CPU
		{BE432F07-26BB-4440-BB5F-F234BEFBA570}.Release|x64.Build.0 = Release|Any CPU
		{BE432F07-26BB-4440-BB5F-F234BEFBA570}.Release|x86.ActiveCfg = Release|Any CPU
		{BE432F07-26BB-4440-BB5F-F234BEFBA570}.Release|x86.Build.0 = Release|Any CPU
		{D98860E6-19B4-473B-A54A-F2C99AD69A33}.Debug|Any CPU.ActiveCfg = Debug|Any CPU
		{D98860E6-19B4-473B-A54A-F2C99AD69A33}.Debug|Any CPU.Build.0 = Debug|Any CPU
		{D98860E6-19B4-473B-A54A-F2C99AD69A33}.Debug|x64.ActiveCfg = Debug|Any CPU
		{D98860E6-19B4-473B-A54A-F2C99AD69A33}.Debug|x64.Build.0 = Debug|Any CPU
		{D98860E6-19B4-473B-A54A-F2C99AD69A33}.Debug|x86.ActiveCfg = Debug|Any CPU
		{D98860E6-19B4-473B-A54A-F2C99AD69A33}.Debug|x86.Build.0 = Debug|Any CPU
		{D98860E6-19B4-473B-A54A-F2C99AD69A33}.Release|Any CPU.ActiveCfg = Release|Any CPU
		{D98860E6-19B4-473B-A54A-F2C99AD69A33}.Release|Any CPU.Build.0 = Release|Any CPU
		{D98860E6-19B4-473B-A54A-F2C99AD69A33}.Release|x64.ActiveCfg = Release|Any CPU
		{D98860E6-19B4-473B-A54A-F2C99AD69A33}.Release|x64.Build.0 = Release|Any CPU
		{D98860E6-19B4-473B-A54A-F2C99AD69A33}.Release|x86.ActiveCfg = Release|Any CPU
		{D98860E6-19B4-473B-A54A-F2C99AD69A33}.Release|x86.Build.0 = Release|Any CPU
		{6FAC18EF-D867-4379-B4B2-66C94F2E3401}.Debug|Any CPU.ActiveCfg = Debug|Any CPU
		{6FAC18EF-D867-4379-B4B2-66C94F2E3401}.Debug|Any CPU.Build.0 = Debug|Any CPU
		{6FAC18EF-D867-4379-B4B2-66C94F2E3401}.Debug|x64.ActiveCfg = Debug|Any CPU
		{6FAC18EF-D867-4379-B4B2-66C94F2E3401}.Debug|x64.Build.0 = Debug|Any CPU
		{6FAC18EF-D867-4379-B4B2-66C94F2E3401}.Debug|x86.ActiveCfg = Debug|Any CPU
		{6FAC18EF-D867-4379-B4B2-66C94F2E3401}.Debug|x86.Build.0 = Debug|Any CPU
		{6FAC18EF-D867-4379-B4B2-66C94F2E3401}.Release|Any CPU.ActiveCfg = Release|Any CPU
		{6FAC18EF-D867-4379-B4B2-66C94F2E3401}.Release|Any CPU.Build.0 = Release|Any CPU
		{6FAC18EF-D867-4379-B4B2-66C94F2E3401}.Release|x64.ActiveCfg = Release|Any CPU
		{6FAC18EF-D867-4379-B4B2-66C94F2E3401}.Release|x64.Build.0 = Release|Any CPU
		{6FAC18EF-D867-4379-B4B2-66C94F2E3401}.Release|x86.ActiveCfg = Release|Any CPU
		{6FAC18EF-D867-4379-B4B2-66C94F2E3401}.Release|x86.Build.0 = Release|Any CPU
		{9FAFA905-8135-4048-94D9-FC0CA005CF04}.Debug|Any CPU.ActiveCfg = Debug|Any CPU
		{9FAFA905-8135-4048-94D9-FC0CA005CF04}.Debug|Any CPU.Build.0 = Debug|Any CPU
		{9FAFA905-8135-4048-94D9-FC0CA005CF04}.Debug|x64.ActiveCfg = Debug|Any CPU
		{9FAFA905-8135-4048-94D9-FC0CA005CF04}.Debug|x64.Build.0 = Debug|Any CPU
		{9FAFA905-8135-4048-94D9-FC0CA005CF04}.Debug|x86.ActiveCfg = Debug|Any CPU
		{9FAFA905-8135-4048-94D9-FC0CA005CF04}.Debug|x86.Build.0 = Debug|Any CPU
		{9FAFA905-8135-4048-94D9-FC0CA005CF04}.Release|Any CPU.ActiveCfg = Release|Any CPU
		{9FAFA905-8135-4048-94D9-FC0CA005CF04}.Release|Any CPU.Build.0 = Release|Any CPU
		{9FAFA905-8135-4048-94D9-FC0CA005CF04}.Release|x64.ActiveCfg = Release|Any CPU
		{9FAFA905-8135-4048-94D9-FC0CA005CF04}.Release|x64.Build.0 = Release|Any CPU
		{9FAFA905-8135-4048-94D9-FC0CA005CF04}.Release|x86.ActiveCfg = Release|Any CPU
		{9FAFA905-8135-4048-94D9-FC0CA005CF04}.Release|x86.Build.0 = Release|Any CPU
		{DA28BA38-4457-493C-96FD-8CFCCA646305}.Debug|Any CPU.ActiveCfg = Debug|Any CPU
		{DA28BA38-4457-493C-96FD-8CFCCA646305}.Debug|Any CPU.Build.0 = Debug|Any CPU
		{DA28BA38-4457-493C-96FD-8CFCCA646305}.Debug|x64.ActiveCfg = Debug|Any CPU
		{DA28BA38-4457-493C-96FD-8CFCCA646305}.Debug|x64.Build.0 = Debug|Any CPU
		{DA28BA38-4457-493C-96FD-8CFCCA646305}.Debug|x86.ActiveCfg = Debug|Any CPU
		{DA28BA38-4457-493C-96FD-8CFCCA646305}.Debug|x86.Build.0 = Debug|Any CPU
		{DA28BA38-4457-493C-96FD-8CFCCA646305}.Release|Any CPU.ActiveCfg = Release|Any CPU
		{DA28BA38-4457-493C-96FD-8CFCCA646305}.Release|Any CPU.Build.0 = Release|Any CPU
		{DA28BA38-4457-493C-96FD-8CFCCA646305}.Release|x64.ActiveCfg = Release|Any CPU
		{DA28BA38-4457-493C-96FD-8CFCCA646305}.Release|x64.Build.0 = Release|Any CPU
		{DA28BA38-4457-493C-96FD-8CFCCA646305}.Release|x86.ActiveCfg = Release|Any CPU
		{DA28BA38-4457-493C-96FD-8CFCCA646305}.Release|x86.Build.0 = Release|Any CPU
		{FBF1C7A0-4520-463E-A6C9-06328BE8B48C}.Debug|Any CPU.ActiveCfg = Debug|Any CPU
		{FBF1C7A0-4520-463E-A6C9-06328BE8B48C}.Debug|Any CPU.Build.0 = Debug|Any CPU
		{FBF1C7A0-4520-463E-A6C9-06328BE8B48C}.Debug|x64.ActiveCfg = Debug|Any CPU
		{FBF1C7A0-4520-463E-A6C9-06328BE8B48C}.Debug|x64.Build.0 = Debug|Any CPU
		{FBF1C7A0-4520-463E-A6C9-06328BE8B48C}.Debug|x86.ActiveCfg = Debug|Any CPU
		{FBF1C7A0-4520-463E-A6C9-06328BE8B48C}.Debug|x86.Build.0 = Debug|Any CPU
		{FBF1C7A0-4520-463E-A6C9-06328BE8B48C}.Release|Any CPU.ActiveCfg = Release|Any CPU
		{FBF1C7A0-4520-463E-A6C9-06328BE8B48C}.Release|Any CPU.Build.0 = Release|Any CPU
		{FBF1C7A0-4520-463E-A6C9-06328BE8B48C}.Release|x64.ActiveCfg = Release|Any CPU
		{FBF1C7A0-4520-463E-A6C9-06328BE8B48C}.Release|x64.Build.0 = Release|Any CPU
		{FBF1C7A0-4520-463E-A6C9-06328BE8B48C}.Release|x86.ActiveCfg = Release|Any CPU
		{FBF1C7A0-4520-463E-A6C9-06328BE8B48C}.Release|x86.Build.0 = Release|Any CPU
		{D34670DB-6687-4504-9155-4E9785660DE8}.Debug|Any CPU.ActiveCfg = Debug|Any CPU
		{D34670DB-6687-4504-9155-4E9785660DE8}.Debug|Any CPU.Build.0 = Debug|Any CPU
		{D34670DB-6687-4504-9155-4E9785660DE8}.Debug|x64.ActiveCfg = Debug|Any CPU
		{D34670DB-6687-4504-9155-4E9785660DE8}.Debug|x64.Build.0 = Debug|Any CPU
		{D34670DB-6687-4504-9155-4E9785660DE8}.Debug|x86.ActiveCfg = Debug|Any CPU
		{D34670DB-6687-4504-9155-4E9785660DE8}.Debug|x86.Build.0 = Debug|Any CPU
		{D34670DB-6687-4504-9155-4E9785660DE8}.Release|Any CPU.ActiveCfg = Release|Any CPU
		{D34670DB-6687-4504-9155-4E9785660DE8}.Release|Any CPU.Build.0 = Release|Any CPU
		{D34670DB-6687-4504-9155-4E9785660DE8}.Release|x64.ActiveCfg = Release|Any CPU
		{D34670DB-6687-4504-9155-4E9785660DE8}.Release|x64.Build.0 = Release|Any CPU
		{D34670DB-6687-4504-9155-4E9785660DE8}.Release|x86.ActiveCfg = Release|Any CPU
		{D34670DB-6687-4504-9155-4E9785660DE8}.Release|x86.Build.0 = Release|Any CPU
		{FDF3E1DD-F734-42A0-B1EB-FF562F600C50}.Debug|Any CPU.ActiveCfg = Debug|Any CPU
		{FDF3E1DD-F734-42A0-B1EB-FF562F600C50}.Debug|Any CPU.Build.0 = Debug|Any CPU
		{FDF3E1DD-F734-42A0-B1EB-FF562F600C50}.Debug|x64.ActiveCfg = Debug|Any CPU
		{FDF3E1DD-F734-42A0-B1EB-FF562F600C50}.Debug|x64.Build.0 = Debug|Any CPU
		{FDF3E1DD-F734-42A0-B1EB-FF562F600C50}.Debug|x86.ActiveCfg = Debug|Any CPU
		{FDF3E1DD-F734-42A0-B1EB-FF562F600C50}.Debug|x86.Build.0 = Debug|Any CPU
		{FDF3E1DD-F734-42A0-B1EB-FF562F600C50}.Release|Any CPU.ActiveCfg = Release|Any CPU
		{FDF3E1DD-F734-42A0-B1EB-FF562F600C50}.Release|Any CPU.Build.0 = Release|Any CPU
		{FDF3E1DD-F734-42A0-B1EB-FF562F600C50}.Release|x64.ActiveCfg = Release|Any CPU
		{FDF3E1DD-F734-42A0-B1EB-FF562F600C50}.Release|x64.Build.0 = Release|Any CPU
		{FDF3E1DD-F734-42A0-B1EB-FF562F600C50}.Release|x86.ActiveCfg = Release|Any CPU
		{FDF3E1DD-F734-42A0-B1EB-FF562F600C50}.Release|x86.Build.0 = Release|Any CPU
	EndGlobalSection
	GlobalSection(SolutionProperties) = preSolution
		HideSolutionNode = FALSE
	EndGlobalSection
	GlobalSection(NestedProjects) = preSolution
		{6FAC18EF-D867-4379-B4B2-66C94F2E3401} = {61656FDE-FFA5-46E9-9211-D7C250AB4349}
		{9FAFA905-8135-4048-94D9-FC0CA005CF04} = {61656FDE-FFA5-46E9-9211-D7C250AB4349}
		{DA28BA38-4457-493C-96FD-8CFCCA646305} = {61656FDE-FFA5-46E9-9211-D7C250AB4349}
		{FBF1C7A0-4520-463E-A6C9-06328BE8B48C} = {1AC97795-5385-4237-A190-C6C9C1D354CA}
		{D34670DB-6687-4504-9155-4E9785660DE8} = {1AC97795-5385-4237-A190-C6C9C1D354CA}
		{FDF3E1DD-F734-42A0-B1EB-FF562F600C50} = {BA9D0A0B-2490-B3D1-78F8-8C9A02220B3D}
	EndGlobalSection
EndGlobal
